
Microsoft Visual Studio Solution File, Format Version 12.00
# Visual Studio Version 17
VisualStudioVersion = 17.6.33829.357
MinimumVisualStudioVersion = 10.0.40219.1
Project("{FAE04EC0-301F-11D3-BF4B-00C04F79EFBC}") = "Fitness-First", "Fitness-First\Fitness-First.csproj", "{879BA3F3-B170-4BCC-A2D1-3CE5904F70DC}"
EndProject
Global
	GlobalSection(SolutionConfigurationPlatforms) = preSolution
		Debug|Any CPU = Debug|Any CPU
		Release|Any CPU = Release|Any CPU
	EndGlobalSection
	GlobalSection(ProjectConfigurationPlatforms) = postSolution
		{879BA3F3-B170-4BCC-A2D1-3CE5904F70DC}.Debug|Any CPU.ActiveCfg = Debug|Any CPU
		{879BA3F3-B170-4BCC-A2D1-3CE5904F70DC}.Debug|Any CPU.Build.0 = Debug|Any CPU
		{879BA3F3-B170-4BCC-A2D1-3CE5904F70DC}.Release|Any CPU.ActiveCfg = Release|Any CPU
		{879BA3F3-B170-4BCC-A2D1-3CE5904F70DC}.Release|Any CPU.Build.0 = Release|Any CPU
	EndGlobalSection
	GlobalSection(SolutionProperties) = preSolution
		HideSolutionNode = FALSE
	EndGlobalSection
	GlobalSection(ExtensibilityGlobals) = postSolution
		SolutionGuid = {8F2D7F69-2AD3-424C-9DA0-49790A4D3B94}
	EndGlobalSection
EndGlobal
